
Microsoft Visual Studio Solution File, Format Version 11.00
# Visual Studio 2010
Project("{FAE04EC0-301F-11D3-BF4B-00C04F79EFBC}") = "AStarSearchImplementation", "AStarSearchImplementation.csproj", "{694161DF-72BF-4DDF-879F-DA3F3FC43CA9}"
EndProject
Global
	GlobalSection(SolutionConfigurationPlatforms) = preSolution
		Debug|Any CPU = Debug|Any CPU
		Release|Any CPU = Release|Any CPU
	EndGlobalSection
	GlobalSection(ProjectConfigurationPlatforms) = postSolution
		{694161DF-72BF-4DDF-879F-DA3F3FC43CA9}.Debug|Any CPU.ActiveCfg = Debug|Any CPU
		{694161DF-72BF-4DDF-879F-DA3F3FC43CA9}.Debug|Any CPU.Build.0 = Debug|Any CPU
		{694161DF-72BF-4DDF-879F-DA3F3FC43CA9}.Release|Any CPU.ActiveCfg = Release|Any CPU
		{694161DF-72BF-4DDF-879F-DA3F3FC43CA9}.Release|Any CPU.Build.0 = Release|Any CPU
	EndGlobalSection
	GlobalSection(SolutionProperties) = preSolution
		HideSolutionNode = FALSE
	EndGlobalSection
EndGlobal
